
Microsoft Visual Studio Solution File, Format Version 10.00
# Visual Studio 2008
Project("{8BC9CEB8-8B4A-11D0-8D11-00A0C91BC942}") = "GameApp", "GameApp\GameApp.vcproj", "{19A7C033-51E7-44A7-B07E-3C5E478A9414}"
	ProjectSection(ProjectDependencies) = postProject
		{F5006545-7481-45EC-935C-0A8BFFF6637D} = {F5006545-7481-45EC-935C-0A8BFFF6637D}
		{14EC1FB5-9956-4030-A15B-77287E3346D7} = {14EC1FB5-9956-4030-A15B-77287E3346D7}
		{B38832D9-1311-42A3-8B82-BF802E8D3098} = {B38832D9-1311-42A3-8B82-BF802E8D3098}
	EndProjectSection
EndProject
Project("{8BC9CEB8-8B4A-11D0-8D11-00A0C91BC942}") = "Graphics", "..\Graphics\Graphics\Graphics.vcproj", "{14EC1FB5-9956-4030-A15B-77287E3346D7}"
EndProject
Project("{8BC9CEB8-8B4A-11D0-8D11-00A0C91BC942}") = "Network", "..\Network\Network\Network.vcproj", "{F5006545-7481-45EC-935C-0A8BFFF6637D}"
EndProject
Project("{8BC9CEB8-8B4A-11D0-8D11-00A0C91BC942}") = "AI", "..\AI\AI\AI.vcproj", "{9B1AD4C2-4604-4F53-8DFF-6916E12F08C8}"
EndProject
Project("{8BC9CEB8-8B4A-11D0-8D11-00A0C91BC942}") = "Controller", "..\Controller\Controller\Controller.vcproj", "{D306F333-16FD-4E43-BBD0-887D642E36C5}"
EndProject
Project("{8BC9CEB8-8B4A-11D0-8D11-00A0C91BC942}") = "Common", "..\Common\Common\Common.vcproj", "{B38832D9-1311-42A3-8B82-BF802E8D3098}"
EndProject
Project("{8BC9CEB8-8B4A-11D0-8D11-00A0C91BC942}") = "VirtualClient", "..\VirtualClient\VirtualClient\VirtualClient.vcproj", "{698AC63E-3B4C-4283-B573-7FA977E9ED93}"
	ProjectSection(ProjectDependencies) = postProject
		{F5006545-7481-45EC-935C-0A8BFFF6637D} = {F5006545-7481-45EC-935C-0A8BFFF6637D}
		{B38832D9-1311-42A3-8B82-BF802E8D3098} = {B38832D9-1311-42A3-8B82-BF802E8D3098}
	EndProjectSection
EndProject
Global
	GlobalSection(SolutionConfigurationPlatforms) = preSolution
		Debug|Win32 = Debug|Win32
		Release|Win32 = Release|Win32
	EndGlobalSection
	GlobalSection(ProjectConfigurationPlatforms) = postSolution
		{19A7C033-51E7-44A7-B07E-3C5E478A9414}.Debug|Win32.ActiveCfg = Debug|Win32
		{19A7C033-51E7-44A7-B07E-3C5E478A9414}.Debug|Win32.Build.0 = Debug|Win32
		{19A7C033-51E7-44A7-B07E-3C5E478A9414}.Release|Win32.ActiveCfg = Release|Win32
		{19A7C033-51E7-44A7-B07E-3C5E478A9414}.Release|Win32.Build.0 = Release|Win32
		{14EC1FB5-9956-4030-A15B-77287E3346D7}.Debug|Win32.ActiveCfg = Debug|Win32
		{14EC1FB5-9956-4030-A15B-77287E3346D7}.Debug|Win32.Build.0 = Debug|Win32
		{14EC1FB5-9956-4030-A15B-77287E3346D7}.Release|Win32.ActiveCfg = Release|Win32
		{14EC1FB5-9956-4030-A15B-77287E3346D7}.Release|Win32.Build.0 = Release|Win32
		{F5006545-7481-45EC-935C-0A8BFFF6637D}.Debug|Win32.ActiveCfg = Debug|Win32
		{F5006545-7481-45EC-935C-0A8BFFF6637D}.Debug|Win32.Build.0 = Debug|Win32
		{F5006545-7481-45EC-935C-0A8BFFF6637D}.Release|Win32.ActiveCfg = Release|Win32
		{F5006545-7481-45EC-935C-0A8BFFF6637D}.Release|Win32.Build.0 = Release|Win32
		{9B1AD4C2-4604-4F53-8DFF-6916E12F08C8}.Debug|Win32.ActiveCfg = Debug|Win32
		{9B1AD4C2-4604-4F53-8DFF-6916E12F08C8}.Debug|Win32.Build.0 = Debug|Win32
		{9B1AD4C2-4604-4F53-8DFF-6916E12F08C8}.Release|Win32.ActiveCfg = Release|Win32
		{9B1AD4C2-4604-4F53-8DFF-6916E12F08C8}.Release|Win32.Build.0 = Release|Win32
		{D306F333-16FD-4E43-BBD0-887D642E36C5}.Debug|Win32.ActiveCfg = Debug|Win32
		{D306F333-16FD-4E43-BBD0-887D642E36C5}.Debug|Win32.Build.0 = Debug|Win32
		{D306F333-16FD-4E43-BBD0-887D642E36C5}.Release|Win32.ActiveCfg = Release|Win32
		{D306F333-16FD-4E43-BBD0-887D642E36C5}.Release|Win32.Build.0 = Release|Win32
		{B38832D9-1311-42A3-8B82-BF802E8D3098}.Debug|Win32.ActiveCfg = Debug|Win32
		{B38832D9-1311-42A3-8B82-BF802E8D3098}.Debug|Win32.Build.0 = Debug|Win32
		{B38832D9-1311-42A3-8B82-BF802E8D3098}.Release|Win32.ActiveCfg = Release|Win32
		{B38832D9-1311-42A3-8B82-BF802E8D3098}.Release|Win32.Build.0 = Release|Win32
		{698AC63E-3B4C-4283-B573-7FA977E9ED93}.Debug|Win32.ActiveCfg = Debug|Win32
		{698AC63E-3B4C-4283-B573-7FA977E9ED93}.Debug|Win32.Build.0 = Debug|Win32
		{698AC63E-3B4C-4283-B573-7FA977E9ED93}.Release|Win32.ActiveCfg = Release|Win32
		{698AC63E-3B4C-4283-B573-7FA977E9ED93}.Release|Win32.Build.0 = Release|Win32
	EndGlobalSection
	GlobalSection(SolutionProperties) = preSolution
		HideSolutionNode = FALSE
	EndGlobalSection
EndGlobal
