
Microsoft Visual Studio Solution File, Format Version 10.00
# Visual Studio 2008
Project("{8BC9CEB8-8B4A-11D0-8D11-00A0C91BC942}") = "GameApp", "GameApp\GameApp.vcproj", "{19A7C033-51E7-44A7-B07E-3C5E478A9414}"
EndProject
Project("{8BC9CEB8-8B4A-11D0-8D11-00A0C91BC942}") = "Graphics", "..\Graphics\Graphics\Graphics.vcproj", "{14EC1FB5-9956-4030-A15B-77287E3346D7}"
EndProject
Project("{8BC9CEB8-8B4A-11D0-8D11-00A0C91BC942}") = "Network", "..\Network\Network\Network.vcproj", "{F5006545-7481-45EC-935C-0A8BFFF6637D}"
EndProject
Global
	GlobalSection(SolutionConfigurationPlatforms) = preSolution
		Debug|Win32 = Debug|Win32
		Release|Win32 = Release|Win32
	EndGlobalSection
	GlobalSection(ProjectConfigurationPlatforms) = postSolution
		{19A7C033-51E7-44A7-B07E-3C5E478A9414}.Debug|Win32.ActiveCfg = Debug|Win32
		{19A7C033-51E7-44A7-B07E-3C5E478A9414}.Debug|Win32.Build.0 = Debug|Win32
		{19A7C033-51E7-44A7-B07E-3C5E478A9414}.Release|Win32.ActiveCfg = Release|Win32
		{19A7C033-51E7-44A7-B07E-3C5E478A9414}.Release|Win32.Build.0 = Release|Win32
		{14EC1FB5-9956-4030-A15B-77287E3346D7}.Debug|Win32.ActiveCfg = Debug|Win32
		{14EC1FB5-9956-4030-A15B-77287E3346D7}.Debug|Win32.Build.0 = Debug|Win32
		{14EC1FB5-9956-4030-A15B-77287E3346D7}.Release|Win32.ActiveCfg = Release|Win32
		{14EC1FB5-9956-4030-A15B-77287E3346D7}.Release|Win32.Build.0 = Release|Win32
		{F5006545-7481-45EC-935C-0A8BFFF6637D}.Debug|Win32.ActiveCfg = Debug|Win32
		{F5006545-7481-45EC-935C-0A8BFFF6637D}.Debug|Win32.Build.0 = Debug|Win32
		{F5006545-7481-45EC-935C-0A8BFFF6637D}.Release|Win32.ActiveCfg = Release|Win32
		{F5006545-7481-45EC-935C-0A8BFFF6637D}.Release|Win32.Build.0 = Release|Win32
	EndGlobalSection
	GlobalSection(SolutionProperties) = preSolution
		HideSolutionNode = FALSE
	EndGlobalSection
EndGlobal
