<?xml version="1.0" encoding="utf-8"?>
<Project ToolsVersion="4.0" xmlns="http://schemas.microsoft.com/developer/msbuild/2003">
  <ItemGroup>
    <Filter Include="Src">
      <UniqueIdentifier>{36eeb5b3-81ed-4d6c-833e-440654b9e642}</UniqueIdentifier>
    </Filter>
  </ItemGroup>
  <ItemGroup>
    <ClCompile Include="Src\main.cpp">
      <Filter>Src</Filter>
    </ClCompile>
    <ClCompile Include="Src\Printer.cpp">
      <Filter>Src</Filter>
    </ClCompile>
  </ItemGroup>
  <ItemGroup>
    <ClInclude Include="Src\Printer.h">
      <Filter>Src</Filter>
    </ClInclude>
    <ClInclude Include="Src\Global.h">
      <Filter>Src</Filter>
    </ClInclude>
  </ItemGroup>
</Project>