
Microsoft Visual Studio Solution File, Format Version 10.00
# Visual Studio 2008
Project("{8BC9CEB8-8B4A-11D0-8D11-00A0C91BC942}") = "Server", "Server\Server.vcproj", "{9C5758B8-EC67-4AC0-96C4-1ECD729BA717}"
	ProjectSection(ProjectDependencies) = postProject
		{F5006545-7481-45EC-935C-0A8BFFF6637D} = {F5006545-7481-45EC-935C-0A8BFFF6637D}
		{B38832D9-1311-42A3-8B82-BF802E8D3098} = {B38832D9-1311-42A3-8B82-BF802E8D3098}
	EndProjectSection
EndProject
Project("{8BC9CEB8-8B4A-11D0-8D11-00A0C91BC942}") = "Common", "..\Common\Common\Common.vcproj", "{B38832D9-1311-42A3-8B82-BF802E8D3098}"
EndProject
Project("{8BC9CEB8-8B4A-11D0-8D11-00A0C91BC942}") = "Network", "..\Network\Network\Network.vcproj", "{F5006545-7481-45EC-935C-0A8BFFF6637D}"
EndProject
Global
	GlobalSection(SolutionConfigurationPlatforms) = preSolution
		Debug|Win32 = Debug|Win32
		Release|Win32 = Release|Win32
	EndGlobalSection
	GlobalSection(ProjectConfigurationPlatforms) = postSolution
		{9C5758B8-EC67-4AC0-96C4-1ECD729BA717}.Debug|Win32.ActiveCfg = Debug|Win32
		{9C5758B8-EC67-4AC0-96C4-1ECD729BA717}.Debug|Win32.Build.0 = Debug|Win32
		{9C5758B8-EC67-4AC0-96C4-1ECD729BA717}.Release|Win32.ActiveCfg = Release|Win32
		{9C5758B8-EC67-4AC0-96C4-1ECD729BA717}.Release|Win32.Build.0 = Release|Win32
		{B38832D9-1311-42A3-8B82-BF802E8D3098}.Debug|Win32.ActiveCfg = Debug|Win32
		{B38832D9-1311-42A3-8B82-BF802E8D3098}.Debug|Win32.Build.0 = Debug|Win32
		{B38832D9-1311-42A3-8B82-BF802E8D3098}.Release|Win32.ActiveCfg = Release|Win32
		{B38832D9-1311-42A3-8B82-BF802E8D3098}.Release|Win32.Build.0 = Release|Win32
		{F5006545-7481-45EC-935C-0A8BFFF6637D}.Debug|Win32.ActiveCfg = Debug|Win32
		{F5006545-7481-45EC-935C-0A8BFFF6637D}.Debug|Win32.Build.0 = Debug|Win32
		{F5006545-7481-45EC-935C-0A8BFFF6637D}.Release|Win32.ActiveCfg = Release|Win32
		{F5006545-7481-45EC-935C-0A8BFFF6637D}.Release|Win32.Build.0 = Release|Win32
	EndGlobalSection
	GlobalSection(SolutionProperties) = preSolution
		HideSolutionNode = FALSE
	EndGlobalSection
EndGlobal
