
Microsoft Visual Studio Solution File, Format Version 11.00
# Visual Studio 2010
Project("{8BC9CEB8-8B4A-11D0-8D11-00A0C91BC942}") = "Common", "..\Common\Common\Common.vcxproj", "{F3998DC9-8441-45D0-A8F0-719C0A06C955}"
EndProject
Project("{8BC9CEB8-8B4A-11D0-8D11-00A0C91BC942}") = "ProtocolCompiler", "ProtocolCompiler\ProtocolCompiler.vcxproj", "{D3932F03-3BCB-4529-B3F9-EB679059713A}"
EndProject
Project("{8BC9CEB8-8B4A-11D0-8D11-00A0C91BC942}") = "NetCommon", "..\Common\NetCommon\NetCommon.vcxproj", "{B2CB8551-B147-4C4D-86AB-A04309AF20DE}"
EndProject
Global
	GlobalSection(SolutionConfigurationPlatforms) = preSolution
		Debug|Win32 = Debug|Win32
		Release|Win32 = Release|Win32
	EndGlobalSection
	GlobalSection(ProjectConfigurationPlatforms) = postSolution
		{F3998DC9-8441-45D0-A8F0-719C0A06C955}.Debug|Win32.ActiveCfg = Debug|Win32
		{F3998DC9-8441-45D0-A8F0-719C0A06C955}.Debug|Win32.Build.0 = Debug|Win32
		{F3998DC9-8441-45D0-A8F0-719C0A06C955}.Release|Win32.ActiveCfg = Release|Win32
		{F3998DC9-8441-45D0-A8F0-719C0A06C955}.Release|Win32.Build.0 = Release|Win32
		{D3932F03-3BCB-4529-B3F9-EB679059713A}.Debug|Win32.ActiveCfg = Debug|Win32
		{D3932F03-3BCB-4529-B3F9-EB679059713A}.Debug|Win32.Build.0 = Debug|Win32
		{D3932F03-3BCB-4529-B3F9-EB679059713A}.Release|Win32.ActiveCfg = Release|Win32
		{D3932F03-3BCB-4529-B3F9-EB679059713A}.Release|Win32.Build.0 = Release|Win32
		{B2CB8551-B147-4C4D-86AB-A04309AF20DE}.Debug|Win32.ActiveCfg = Debug|Win32
		{B2CB8551-B147-4C4D-86AB-A04309AF20DE}.Debug|Win32.Build.0 = Debug|Win32
		{B2CB8551-B147-4C4D-86AB-A04309AF20DE}.Release|Win32.ActiveCfg = Release|Win32
		{B2CB8551-B147-4C4D-86AB-A04309AF20DE}.Release|Win32.Build.0 = Release|Win32
	EndGlobalSection
	GlobalSection(SolutionProperties) = preSolution
		HideSolutionNode = FALSE
	EndGlobalSection
EndGlobal
