<?xml version="1.0" encoding="utf-8"?>
<Project ToolsVersion="4.0" xmlns="http://schemas.microsoft.com/developer/msbuild/2003">
  <ItemGroup>
    <Filter Include="리소스 파일">
      <UniqueIdentifier>{67DA6AB6-F800-4c08-8B7A-83BB121AAD01}</UniqueIdentifier>
      <Extensions>rc;ico;cur;bmp;dlg;rc2;rct;bin;rgs;gif;jpg;jpeg;jpe;resx;tiff;tif;png;wav</Extensions>
    </Filter>
    <Filter Include="Lib">
      <UniqueIdentifier>{6c7d9b11-8776-465f-9dee-47f8ec82d323}</UniqueIdentifier>
    </Filter>
    <Filter Include="MFC">
      <UniqueIdentifier>{f0374fee-13f9-415a-b470-6ff807b0dd66}</UniqueIdentifier>
    </Filter>
    <Filter Include="UI">
      <UniqueIdentifier>{ceb12c83-0d89-4526-bee8-37fc94daceb2}</UniqueIdentifier>
    </Filter>
    <Filter Include="Control">
      <UniqueIdentifier>{e158610c-4619-4fef-beb1-45e765e6597b}</UniqueIdentifier>
    </Filter>
  </ItemGroup>
  <ItemGroup>
    <ClCompile Include="Lib\TreeCtrlBase.cpp">
      <Filter>Lib</Filter>
    </ClCompile>
    <ClCompile Include="stdafx.cpp">
      <Filter>MFC</Filter>
    </ClCompile>
    <ClCompile Include="VirtualClient2.cpp">
      <Filter>MFC</Filter>
    </ClCompile>
    <ClCompile Include="Control\ConfigParser.cpp">
      <Filter>Control</Filter>
    </ClCompile>
    <ClCompile Include="Control\VClient.cpp">
      <Filter>Control</Filter>
    </ClCompile>
    <ClCompile Include="UI\DlgLog.cpp">
      <Filter>UI</Filter>
    </ClCompile>
    <ClCompile Include="UI\DlgProperty.cpp">
      <Filter>UI</Filter>
    </ClCompile>
    <ClCompile Include="UI\ProtocolPropertyCtrl.cpp">
      <Filter>UI</Filter>
    </ClCompile>
    <ClCompile Include="UI\ProtocolTree.cpp">
      <Filter>UI</Filter>
    </ClCompile>
    <ClCompile Include="UI\VirtualClient2Dlg.cpp">
      <Filter>UI</Filter>
    </ClCompile>
  </ItemGroup>
  <ItemGroup>
    <ClInclude Include="Lib\TreeCtrlBase.h">
      <Filter>Lib</Filter>
    </ClInclude>
    <ClInclude Include="Resource.h">
      <Filter>MFC</Filter>
    </ClInclude>
    <ClInclude Include="stdafx.h">
      <Filter>MFC</Filter>
    </ClInclude>
    <ClInclude Include="targetver.h">
      <Filter>MFC</Filter>
    </ClInclude>
    <ClInclude Include="VirtualClient2.h">
      <Filter>MFC</Filter>
    </ClInclude>
    <ClInclude Include="Control\ConfigParser.h">
      <Filter>Control</Filter>
    </ClInclude>
    <ClInclude Include="Control\VClient.h">
      <Filter>Control</Filter>
    </ClInclude>
    <ClInclude Include="UI\DlgLog.h">
      <Filter>UI</Filter>
    </ClInclude>
    <ClInclude Include="UI\DlgProperty.h">
      <Filter>UI</Filter>
    </ClInclude>
    <ClInclude Include="UI\ProtocolPropertyCtrl.h">
      <Filter>UI</Filter>
    </ClInclude>
    <ClInclude Include="UI\ProtocolTree.h">
      <Filter>UI</Filter>
    </ClInclude>
    <ClInclude Include="UI\VirtualClient2Dlg.h">
      <Filter>UI</Filter>
    </ClInclude>
    <ClInclude Include="..\..\Common\wxMemMonitor\wxMemMonitor.h">
      <Filter>Lib</Filter>
    </ClInclude>
  </ItemGroup>
  <ItemGroup>
    <None Include="res\VirtualClient2.ico">
      <Filter>리소스 파일</Filter>
    </None>
    <None Include="res\VirtualClient2.rc2">
      <Filter>리소스 파일</Filter>
    </None>
    <None Include="ReadMe.txt" />
  </ItemGroup>
  <ItemGroup>
    <ResourceCompile Include="VirtualClient2.rc">
      <Filter>리소스 파일</Filter>
    </ResourceCompile>
  </ItemGroup>
</Project>