
Microsoft Visual Studio Solution File, Format Version 10.00
# Visual Studio 2008
Project("{8BC9CEB8-8B4A-11D0-8D11-00A0C91BC942}") = "Controller", "Controller\Controller.vcproj", "{D18AB381-26D3-4142-963A-61FFDEFC8104}"
EndProject
Project("{8BC9CEB8-8B4A-11D0-8D11-00A0C91BC942}") = "GameApp", "GameApp\GameApp.vcproj", "{B48D192C-E86A-497C-B878-BFE6FF12AEEC}"
	ProjectSection(ProjectDependencies) = postProject
		{DFEC316A-4224-4E50-ABB0-1FDEBE77461F} = {DFEC316A-4224-4E50-ABB0-1FDEBE77461F}
		{F3998DC9-8441-45D0-A8F0-719C0A06C955} = {F3998DC9-8441-45D0-A8F0-719C0A06C955}
		{252866DC-6504-4EBA-93E6-D827F07ED669} = {252866DC-6504-4EBA-93E6-D827F07ED669}
		{3719BBED-E2D0-4528-896C-597809475C5A} = {3719BBED-E2D0-4528-896C-597809475C5A}
	EndProjectSection
EndProject
Project("{8BC9CEB8-8B4A-11D0-8D11-00A0C91BC942}") = "VirtualClient", "VirtualClient\VirtualClient.vcproj", "{0F7D4E02-FC37-460A-A595-FE147C733A53}"
	ProjectSection(ProjectDependencies) = postProject
		{DFEC316A-4224-4E50-ABB0-1FDEBE77461F} = {DFEC316A-4224-4E50-ABB0-1FDEBE77461F}
		{F3998DC9-8441-45D0-A8F0-719C0A06C955} = {F3998DC9-8441-45D0-A8F0-719C0A06C955}
		{252866DC-6504-4EBA-93E6-D827F07ED669} = {252866DC-6504-4EBA-93E6-D827F07ED669}
	EndProjectSection
EndProject
Project("{8BC9CEB8-8B4A-11D0-8D11-00A0C91BC942}") = "NetCommon", "..\Common\NetCommon\NetCommon.vcproj", "{252866DC-6504-4EBA-93E6-D827F07ED669}"
EndProject
Project("{8BC9CEB8-8B4A-11D0-8D11-00A0C91BC942}") = "AI", "..\Common\AI\AI.vcproj", "{1FB09B94-7B62-4E74-BA38-A7DE780FAB65}"
EndProject
Project("{8BC9CEB8-8B4A-11D0-8D11-00A0C91BC942}") = "Common", "..\Common\Common\Common.vcproj", "{F3998DC9-8441-45D0-A8F0-719C0A06C955}"
EndProject
Project("{8BC9CEB8-8B4A-11D0-8D11-00A0C91BC942}") = "Graphics", "..\Common\Graphics\Graphics.vcproj", "{3719BBED-E2D0-4528-896C-597809475C5A}"
EndProject
Project("{8BC9CEB8-8B4A-11D0-8D11-00A0C91BC942}") = "Network", "..\Common\Network\Network.vcproj", "{DFEC316A-4224-4E50-ABB0-1FDEBE77461F}"
EndProject
Global
	GlobalSection(SolutionConfigurationPlatforms) = preSolution
		Debug|Win32 = Debug|Win32
		Release|Win32 = Release|Win32
	EndGlobalSection
	GlobalSection(ProjectConfigurationPlatforms) = postSolution
		{D18AB381-26D3-4142-963A-61FFDEFC8104}.Debug|Win32.ActiveCfg = Debug|Win32
		{D18AB381-26D3-4142-963A-61FFDEFC8104}.Debug|Win32.Build.0 = Debug|Win32
		{D18AB381-26D3-4142-963A-61FFDEFC8104}.Release|Win32.ActiveCfg = Release|Win32
		{D18AB381-26D3-4142-963A-61FFDEFC8104}.Release|Win32.Build.0 = Release|Win32
		{B48D192C-E86A-497C-B878-BFE6FF12AEEC}.Debug|Win32.ActiveCfg = Debug|Win32
		{B48D192C-E86A-497C-B878-BFE6FF12AEEC}.Debug|Win32.Build.0 = Debug|Win32
		{B48D192C-E86A-497C-B878-BFE6FF12AEEC}.Release|Win32.ActiveCfg = Release|Win32
		{B48D192C-E86A-497C-B878-BFE6FF12AEEC}.Release|Win32.Build.0 = Release|Win32
		{0F7D4E02-FC37-460A-A595-FE147C733A53}.Debug|Win32.ActiveCfg = Debug|Win32
		{0F7D4E02-FC37-460A-A595-FE147C733A53}.Debug|Win32.Build.0 = Debug|Win32
		{0F7D4E02-FC37-460A-A595-FE147C733A53}.Release|Win32.ActiveCfg = Release|Win32
		{0F7D4E02-FC37-460A-A595-FE147C733A53}.Release|Win32.Build.0 = Release|Win32
		{252866DC-6504-4EBA-93E6-D827F07ED669}.Debug|Win32.ActiveCfg = Debug|Win32
		{252866DC-6504-4EBA-93E6-D827F07ED669}.Debug|Win32.Build.0 = Debug|Win32
		{252866DC-6504-4EBA-93E6-D827F07ED669}.Release|Win32.ActiveCfg = Release|Win32
		{252866DC-6504-4EBA-93E6-D827F07ED669}.Release|Win32.Build.0 = Release|Win32
		{1FB09B94-7B62-4E74-BA38-A7DE780FAB65}.Debug|Win32.ActiveCfg = Debug|Win32
		{1FB09B94-7B62-4E74-BA38-A7DE780FAB65}.Debug|Win32.Build.0 = Debug|Win32
		{1FB09B94-7B62-4E74-BA38-A7DE780FAB65}.Release|Win32.ActiveCfg = Release|Win32
		{1FB09B94-7B62-4E74-BA38-A7DE780FAB65}.Release|Win32.Build.0 = Release|Win32
		{F3998DC9-8441-45D0-A8F0-719C0A06C955}.Debug|Win32.ActiveCfg = Debug|Win32
		{F3998DC9-8441-45D0-A8F0-719C0A06C955}.Debug|Win32.Build.0 = Debug|Win32
		{F3998DC9-8441-45D0-A8F0-719C0A06C955}.Release|Win32.ActiveCfg = Release|Win32
		{F3998DC9-8441-45D0-A8F0-719C0A06C955}.Release|Win32.Build.0 = Release|Win32
		{3719BBED-E2D0-4528-896C-597809475C5A}.Debug|Win32.ActiveCfg = Debug|Win32
		{3719BBED-E2D0-4528-896C-597809475C5A}.Debug|Win32.Build.0 = Debug|Win32
		{3719BBED-E2D0-4528-896C-597809475C5A}.Release|Win32.ActiveCfg = Release|Win32
		{3719BBED-E2D0-4528-896C-597809475C5A}.Release|Win32.Build.0 = Release|Win32
		{DFEC316A-4224-4E50-ABB0-1FDEBE77461F}.Debug|Win32.ActiveCfg = Debug|Win32
		{DFEC316A-4224-4E50-ABB0-1FDEBE77461F}.Debug|Win32.Build.0 = Debug|Win32
		{DFEC316A-4224-4E50-ABB0-1FDEBE77461F}.Release|Win32.ActiveCfg = Release|Win32
		{DFEC316A-4224-4E50-ABB0-1FDEBE77461F}.Release|Win32.Build.0 = Release|Win32
	EndGlobalSection
	GlobalSection(SolutionProperties) = preSolution
		HideSolutionNode = FALSE
	EndGlobalSection
EndGlobal
